
Microsoft Visual Studio Solution File, Format Version 11.00
# Visual C# Express 2010
Project("{FAE04EC0-301F-11D3-BF4B-00C04F79EFBC}") = "scht", "scht\scht.csproj", "{2B770C7D-9969-4934-A972-F1F4D684FF60}"
EndProject
Global
	GlobalSection(SolutionConfigurationPlatforms) = preSolution
		Debug|x86 = Debug|x86
		Release|x86 = Release|x86
	EndGlobalSection
	GlobalSection(ProjectConfigurationPlatforms) = postSolution
		{2B770C7D-9969-4934-A972-F1F4D684FF60}.Debug|x86.ActiveCfg = Debug|x86
		{2B770C7D-9969-4934-A972-F1F4D684FF60}.Debug|x86.Build.0 = Debug|x86
		{2B770C7D-9969-4934-A972-F1F4D684FF60}.Release|x86.ActiveCfg = Release|x86
		{2B770C7D-9969-4934-A972-F1F4D684FF60}.Release|x86.Build.0 = Release|x86
	EndGlobalSection
	GlobalSection(SolutionProperties) = preSolution
		HideSolutionNode = FALSE
	EndGlobalSection
EndGlobal
